
Microsoft Visual Studio Solution File, Format Version 12.00
# Visual Studio 14
VisualStudioVersion = 14.0.23107.0
MinimumVisualStudioVersion = 10.0.40219.1
Project("{8BC9CEB8-8B4A-11D0-8D11-00A0C91BC942}") = "Console", "Console\Console.vcxproj", "{15EC65B4-81F2-4926-A784-21D96AEC8938}"
EndProject
Project("{FAE04EC0-301F-11D3-BF4B-00C04F79EFBC}") = "ResourceCompiler", "ResourceCompiler\ResourceCompiler.csproj", "{CC81361C-4ABE-424B-B84C-A33B614F36EE}"
EndProject
Global
	GlobalSection(SolutionConfigurationPlatforms) = preSolution
		Debug|Any CPU = Debug|Any CPU
		Debug|x64 = Debug|x64
		Debug|x86 = Debug|x86
		Release|Any CPU = Release|Any CPU
		Release|x64 = Release|x64
		Release|x86 = Release|x86
	EndGlobalSection
	GlobalSection(ProjectConfigurationPlatforms) = postSolution
		{15EC65B4-81F2-4926-A784-21D96AEC8938}.Debug|Any CPU.ActiveCfg = Debug|Win32
		{15EC65B4-81F2-4926-A784-21D96AEC8938}.Debug|x64.ActiveCfg = Debug|x64
		{15EC65B4-81F2-4926-A784-21D96AEC8938}.Debug|x64.Build.0 = Debug|x64
		{15EC65B4-81F2-4926-A784-21D96AEC8938}.Debug|x86.ActiveCfg = Debug|Win32
		{15EC65B4-81F2-4926-A784-21D96AEC8938}.Debug|x86.Build.0 = Debug|Win32
		{15EC65B4-81F2-4926-A784-21D96AEC8938}.Release|Any CPU.ActiveCfg = Release|Win32
		{15EC65B4-81F2-4926-A784-21D96AEC8938}.Release|x64.ActiveCfg = Release|x64
		{15EC65B4-81F2-4926-A784-21D96AEC8938}.Release|x64.Build.0 = Release|x64
		{15EC65B4-81F2-4926-A784-21D96AEC8938}.Release|x86.ActiveCfg = Release|Win32
		{15EC65B4-81F2-4926-A784-21D96AEC8938}.Release|x86.Build.0 = Release|Win32
		{CC81361C-4ABE-424B-B84C-A33B614F36EE}.Debug|Any CPU.ActiveCfg = Debug|Any CPU
		{CC81361C-4ABE-424B-B84C-A33B614F36EE}.Debug|Any CPU.Build.0 = Debug|Any CPU
		{CC81361C-4ABE-424B-B84C-A33B614F36EE}.Debug|x64.ActiveCfg = Debug|Any CPU
		{CC81361C-4ABE-424B-B84C-A33B614F36EE}.Debug|x64.Build.0 = Debug|Any CPU
		{CC81361C-4ABE-424B-B84C-A33B614F36EE}.Debug|x86.ActiveCfg = Debug|Any CPU
		{CC81361C-4ABE-424B-B84C-A33B614F36EE}.Debug|x86.Build.0 = Debug|Any CPU
		{CC81361C-4ABE-424B-B84C-A33B614F36EE}.Release|Any CPU.ActiveCfg = Release|Any CPU
		{CC81361C-4ABE-424B-B84C-A33B614F36EE}.Release|Any CPU.Build.0 = Release|Any CPU
		{CC81361C-4ABE-424B-B84C-A33B614F36EE}.Release|x64.ActiveCfg = Release|Any CPU
		{CC81361C-4ABE-424B-B84C-A33B614F36EE}.Release|x64.Build.0 = Release|Any CPU
		{CC81361C-4ABE-424B-B84C-A33B614F36EE}.Release|x86.ActiveCfg = Release|Any CPU
		{CC81361C-4ABE-424B-B84C-A33B614F36EE}.Release|x86.Build.0 = Release|Any CPU
	EndGlobalSection
	GlobalSection(SolutionProperties) = preSolution
		HideSolutionNode = FALSE
	EndGlobalSection
EndGlobal
